
Microsoft Visual Studio Solution File, Format Version 12.00
Project("{FAE04EC0-301F-11D3-BF4B-00C04F79EFBC}") = "Domain", "Domain\Domain.csproj", "{C25497BF-0851-448A-B750-F7194F110772}"
EndProject
Project("{FAE04EC0-301F-11D3-BF4B-00C04F79EFBC}") = "DataAccess.SqlServer", "DataAccess.SqlServer\DataAccess.SqlServer.csproj", "{63FE8A87-59D2-42AD-9412-02D400963552}"
EndProject
Project("{FAE04EC0-301F-11D3-BF4B-00C04F79EFBC}") = "UI.CLI", "UI.CLI\UI.CLI.csproj", "{645F4D74-C595-4ECA-A0E6-DE54D48B225C}"
EndProject
Project("{FAE04EC0-301F-11D3-BF4B-00C04F79EFBC}") = "FlowerShopUI", "FlowerShopUI\FlowerShopUI.csproj", "{33DA1B37-D648-4A86-905E-B5FEAFFD002B}"
EndProject
Global
	GlobalSection(SolutionConfigurationPlatforms) = preSolution
		Debug|Any CPU = Debug|Any CPU
		Release|Any CPU = Release|Any CPU
	EndGlobalSection
	GlobalSection(ProjectConfigurationPlatforms) = postSolution
		{C25497BF-0851-448A-B750-F7194F110772}.Debug|Any CPU.ActiveCfg = Debug|Any CPU
		{C25497BF-0851-448A-B750-F7194F110772}.Debug|Any CPU.Build.0 = Debug|Any CPU
		{C25497BF-0851-448A-B750-F7194F110772}.Release|Any CPU.ActiveCfg = Release|Any CPU
		{C25497BF-0851-448A-B750-F7194F110772}.Release|Any CPU.Build.0 = Release|Any CPU
		{63FE8A87-59D2-42AD-9412-02D400963552}.Debug|Any CPU.ActiveCfg = Debug|Any CPU
		{63FE8A87-59D2-42AD-9412-02D400963552}.Debug|Any CPU.Build.0 = Debug|Any CPU
		{63FE8A87-59D2-42AD-9412-02D400963552}.Release|Any CPU.ActiveCfg = Release|Any CPU
		{63FE8A87-59D2-42AD-9412-02D400963552}.Release|Any CPU.Build.0 = Release|Any CPU
		{645F4D74-C595-4ECA-A0E6-DE54D48B225C}.Debug|Any CPU.ActiveCfg = Debug|Any CPU
		{645F4D74-C595-4ECA-A0E6-DE54D48B225C}.Debug|Any CPU.Build.0 = Debug|Any CPU
		{645F4D74-C595-4ECA-A0E6-DE54D48B225C}.Release|Any CPU.ActiveCfg = Release|Any CPU
		{645F4D74-C595-4ECA-A0E6-DE54D48B225C}.Release|Any CPU.Build.0 = Release|Any CPU
		{33DA1B37-D648-4A86-905E-B5FEAFFD002B}.Debug|Any CPU.ActiveCfg = Debug|Any CPU
		{33DA1B37-D648-4A86-905E-B5FEAFFD002B}.Debug|Any CPU.Build.0 = Debug|Any CPU
		{33DA1B37-D648-4A86-905E-B5FEAFFD002B}.Release|Any CPU.ActiveCfg = Release|Any CPU
		{33DA1B37-D648-4A86-905E-B5FEAFFD002B}.Release|Any CPU.Build.0 = Release|Any CPU
	EndGlobalSection
EndGlobal
